
Microsoft Visual Studio Solution File, Format Version 11.00
# Visual Studio 2010
Project("{8BC9CEB8-8B4A-11D0-8D11-00A0C91BC942}") = "moon", "iocpExample2.vcxproj", "{8441C17B-E2F2-42A4-95C9-6B696B196490}"
EndProject
Project("{2150E333-8FDC-42A3-9474-1A3956D46DE8}") = "3party", "3party", "{19239A0C-0A1C-462B-A17D-30A48DF9CE20}"
EndProject
Project("{8BC9CEB8-8B4A-11D0-8D11-00A0C91BC942}") = "MoonDb", "..\MoonDb\MoonDb.vcxproj", "{8EDB5DB2-58BD-4953-A708-36B51E09DC8A}"
EndProject
Project("{8BC9CEB8-8B4A-11D0-8D11-00A0C91BC942}") = "lua51", "..\..\3party\lua51\lua51\lua51.vcxproj", "{D3E173EB-0508-4FBE-9905-D09642BCEDD3}"
EndProject
Project("{8BC9CEB8-8B4A-11D0-8D11-00A0C91BC942}") = "tolua++", "..\..\3party\tolua++\tolua++.vcxproj", "{2C8DFF7B-D141-4B32-95C3-ADB7366A4AF2}"
EndProject
Project("{8BC9CEB8-8B4A-11D0-8D11-00A0C91BC942}") = "zlib", "..\..\3party\zlib\zlib.vcxproj", "{D9E6ECA9-04BE-4769-9385-6AB0BB3DE455}"
EndProject
Project("{8BC9CEB8-8B4A-11D0-8D11-00A0C91BC942}") = "moonLib", "..\..\moonLib\proj.win32\moonLib.vcxproj", "{520FE98B-77ED-4DDF-894C-72D2850A9043}"
EndProject
Global
	GlobalSection(SolutionConfigurationPlatforms) = preSolution
		Debug|Win32 = Debug|Win32
		Debug|x64 = Debug|x64
		DebugDLL|Win32 = DebugDLL|Win32
		DebugDLL|x64 = DebugDLL|x64
		Release|Win32 = Release|Win32
		Release|x64 = Release|x64
		ReleaseDLL|Win32 = ReleaseDLL|Win32
		ReleaseDLL|x64 = ReleaseDLL|x64
	EndGlobalSection
	GlobalSection(ProjectConfigurationPlatforms) = postSolution
		{8441C17B-E2F2-42A4-95C9-6B696B196490}.Debug|Win32.ActiveCfg = Debug|Win32
		{8441C17B-E2F2-42A4-95C9-6B696B196490}.Debug|Win32.Build.0 = Debug|Win32
		{8441C17B-E2F2-42A4-95C9-6B696B196490}.Debug|x64.ActiveCfg = Debug|x64
		{8441C17B-E2F2-42A4-95C9-6B696B196490}.Debug|x64.Build.0 = Debug|x64
		{8441C17B-E2F2-42A4-95C9-6B696B196490}.DebugDLL|Win32.ActiveCfg = Debug|x64
		{8441C17B-E2F2-42A4-95C9-6B696B196490}.DebugDLL|x64.ActiveCfg = Debug|x64
		{8441C17B-E2F2-42A4-95C9-6B696B196490}.DebugDLL|x64.Build.0 = Debug|x64
		{8441C17B-E2F2-42A4-95C9-6B696B196490}.Release|Win32.ActiveCfg = Release|Win32
		{8441C17B-E2F2-42A4-95C9-6B696B196490}.Release|Win32.Build.0 = Release|Win32
		{8441C17B-E2F2-42A4-95C9-6B696B196490}.Release|x64.ActiveCfg = Release|x64
		{8441C17B-E2F2-42A4-95C9-6B696B196490}.Release|x64.Build.0 = Release|x64
		{8441C17B-E2F2-42A4-95C9-6B696B196490}.ReleaseDLL|Win32.ActiveCfg = Release|x64
		{8441C17B-E2F2-42A4-95C9-6B696B196490}.ReleaseDLL|x64.ActiveCfg = Release|x64
		{8441C17B-E2F2-42A4-95C9-6B696B196490}.ReleaseDLL|x64.Build.0 = Release|x64
		{8EDB5DB2-58BD-4953-A708-36B51E09DC8A}.Debug|Win32.ActiveCfg = Debug|Win32
		{8EDB5DB2-58BD-4953-A708-36B51E09DC8A}.Debug|Win32.Build.0 = Debug|Win32
		{8EDB5DB2-58BD-4953-A708-36B51E09DC8A}.Debug|x64.ActiveCfg = Debug|x64
		{8EDB5DB2-58BD-4953-A708-36B51E09DC8A}.Debug|x64.Build.0 = Debug|x64
		{8EDB5DB2-58BD-4953-A708-36B51E09DC8A}.DebugDLL|Win32.ActiveCfg = Debug|Win32
		{8EDB5DB2-58BD-4953-A708-36B51E09DC8A}.DebugDLL|Win32.Build.0 = Debug|Win32
		{8EDB5DB2-58BD-4953-A708-36B51E09DC8A}.DebugDLL|x64.ActiveCfg = Debug|Win32
		{8EDB5DB2-58BD-4953-A708-36B51E09DC8A}.Release|Win32.ActiveCfg = Release|Win32
		{8EDB5DB2-58BD-4953-A708-36B51E09DC8A}.Release|Win32.Build.0 = Release|Win32
		{8EDB5DB2-58BD-4953-A708-36B51E09DC8A}.Release|x64.ActiveCfg = Release|Win32
		{8EDB5DB2-58BD-4953-A708-36B51E09DC8A}.ReleaseDLL|Win32.ActiveCfg = Release|Win32
		{8EDB5DB2-58BD-4953-A708-36B51E09DC8A}.ReleaseDLL|Win32.Build.0 = Release|Win32
		{8EDB5DB2-58BD-4953-A708-36B51E09DC8A}.ReleaseDLL|x64.ActiveCfg = Release|Win32
		{D3E173EB-0508-4FBE-9905-D09642BCEDD3}.Debug|Win32.ActiveCfg = Debug|Win32
		{D3E173EB-0508-4FBE-9905-D09642BCEDD3}.Debug|Win32.Build.0 = Debug|Win32
		{D3E173EB-0508-4FBE-9905-D09642BCEDD3}.Debug|x64.ActiveCfg = Debug|x64
		{D3E173EB-0508-4FBE-9905-D09642BCEDD3}.Debug|x64.Build.0 = Debug|x64
		{D3E173EB-0508-4FBE-9905-D09642BCEDD3}.DebugDLL|Win32.ActiveCfg = Debug|x64
		{D3E173EB-0508-4FBE-9905-D09642BCEDD3}.DebugDLL|x64.ActiveCfg = Debug|x64
		{D3E173EB-0508-4FBE-9905-D09642BCEDD3}.DebugDLL|x64.Build.0 = Debug|x64
		{D3E173EB-0508-4FBE-9905-D09642BCEDD3}.Release|Win32.ActiveCfg = Release|Win32
		{D3E173EB-0508-4FBE-9905-D09642BCEDD3}.Release|Win32.Build.0 = Release|Win32
		{D3E173EB-0508-4FBE-9905-D09642BCEDD3}.Release|x64.ActiveCfg = Release|x64
		{D3E173EB-0508-4FBE-9905-D09642BCEDD3}.Release|x64.Build.0 = Release|x64
		{D3E173EB-0508-4FBE-9905-D09642BCEDD3}.ReleaseDLL|Win32.ActiveCfg = Release|x64
		{D3E173EB-0508-4FBE-9905-D09642BCEDD3}.ReleaseDLL|x64.ActiveCfg = Release|x64
		{D3E173EB-0508-4FBE-9905-D09642BCEDD3}.ReleaseDLL|x64.Build.0 = Release|x64
		{2C8DFF7B-D141-4B32-95C3-ADB7366A4AF2}.Debug|Win32.ActiveCfg = Debug|Win32
		{2C8DFF7B-D141-4B32-95C3-ADB7366A4AF2}.Debug|Win32.Build.0 = Debug|Win32
		{2C8DFF7B-D141-4B32-95C3-ADB7366A4AF2}.Debug|x64.ActiveCfg = Debug|x64
		{2C8DFF7B-D141-4B32-95C3-ADB7366A4AF2}.Debug|x64.Build.0 = Debug|x64
		{2C8DFF7B-D141-4B32-95C3-ADB7366A4AF2}.DebugDLL|Win32.ActiveCfg = Debug|x64
		{2C8DFF7B-D141-4B32-95C3-ADB7366A4AF2}.DebugDLL|x64.ActiveCfg = Debug|x64
		{2C8DFF7B-D141-4B32-95C3-ADB7366A4AF2}.DebugDLL|x64.Build.0 = Debug|x64
		{2C8DFF7B-D141-4B32-95C3-ADB7366A4AF2}.Release|Win32.ActiveCfg = Release|Win32
		{2C8DFF7B-D141-4B32-95C3-ADB7366A4AF2}.Release|Win32.Build.0 = Release|Win32
		{2C8DFF7B-D141-4B32-95C3-ADB7366A4AF2}.Release|x64.ActiveCfg = Release|x64
		{2C8DFF7B-D141-4B32-95C3-ADB7366A4AF2}.Release|x64.Build.0 = Release|x64
		{2C8DFF7B-D141-4B32-95C3-ADB7366A4AF2}.ReleaseDLL|Win32.ActiveCfg = Release|x64
		{2C8DFF7B-D141-4B32-95C3-ADB7366A4AF2}.ReleaseDLL|x64.ActiveCfg = Release|x64
		{2C8DFF7B-D141-4B32-95C3-ADB7366A4AF2}.ReleaseDLL|x64.Build.0 = Release|x64
		{D9E6ECA9-04BE-4769-9385-6AB0BB3DE455}.Debug|Win32.ActiveCfg = Debug|Win32
		{D9E6ECA9-04BE-4769-9385-6AB0BB3DE455}.Debug|Win32.Build.0 = Debug|Win32
		{D9E6ECA9-04BE-4769-9385-6AB0BB3DE455}.Debug|x64.ActiveCfg = Debug|x64
		{D9E6ECA9-04BE-4769-9385-6AB0BB3DE455}.Debug|x64.Build.0 = Debug|x64
		{D9E6ECA9-04BE-4769-9385-6AB0BB3DE455}.DebugDLL|Win32.ActiveCfg = Debug|x64
		{D9E6ECA9-04BE-4769-9385-6AB0BB3DE455}.DebugDLL|x64.ActiveCfg = Debug|x64
		{D9E6ECA9-04BE-4769-9385-6AB0BB3DE455}.DebugDLL|x64.Build.0 = Debug|x64
		{D9E6ECA9-04BE-4769-9385-6AB0BB3DE455}.Release|Win32.ActiveCfg = Release|Win32
		{D9E6ECA9-04BE-4769-9385-6AB0BB3DE455}.Release|Win32.Build.0 = Release|Win32
		{D9E6ECA9-04BE-4769-9385-6AB0BB3DE455}.Release|x64.ActiveCfg = Release|x64
		{D9E6ECA9-04BE-4769-9385-6AB0BB3DE455}.Release|x64.Build.0 = Release|x64
		{D9E6ECA9-04BE-4769-9385-6AB0BB3DE455}.ReleaseDLL|Win32.ActiveCfg = Release|x64
		{D9E6ECA9-04BE-4769-9385-6AB0BB3DE455}.ReleaseDLL|x64.ActiveCfg = Release|x64
		{D9E6ECA9-04BE-4769-9385-6AB0BB3DE455}.ReleaseDLL|x64.Build.0 = Release|x64
		{520FE98B-77ED-4DDF-894C-72D2850A9043}.Debug|Win32.ActiveCfg = Debug|Win32
		{520FE98B-77ED-4DDF-894C-72D2850A9043}.Debug|Win32.Build.0 = Debug|Win32
		{520FE98B-77ED-4DDF-894C-72D2850A9043}.Debug|x64.ActiveCfg = Debug|x64
		{520FE98B-77ED-4DDF-894C-72D2850A9043}.Debug|x64.Build.0 = Debug|x64
		{520FE98B-77ED-4DDF-894C-72D2850A9043}.DebugDLL|Win32.ActiveCfg = Debug|x64
		{520FE98B-77ED-4DDF-894C-72D2850A9043}.DebugDLL|x64.ActiveCfg = Debug|x64
		{520FE98B-77ED-4DDF-894C-72D2850A9043}.DebugDLL|x64.Build.0 = Debug|x64
		{520FE98B-77ED-4DDF-894C-72D2850A9043}.Release|Win32.ActiveCfg = Release|Win32
		{520FE98B-77ED-4DDF-894C-72D2850A9043}.Release|Win32.Build.0 = Release|Win32
		{520FE98B-77ED-4DDF-894C-72D2850A9043}.Release|x64.ActiveCfg = Release|x64
		{520FE98B-77ED-4DDF-894C-72D2850A9043}.Release|x64.Build.0 = Release|x64
		{520FE98B-77ED-4DDF-894C-72D2850A9043}.ReleaseDLL|Win32.ActiveCfg = Release|x64
		{520FE98B-77ED-4DDF-894C-72D2850A9043}.ReleaseDLL|x64.ActiveCfg = Release|x64
		{520FE98B-77ED-4DDF-894C-72D2850A9043}.ReleaseDLL|x64.Build.0 = Release|x64
	EndGlobalSection
	GlobalSection(SolutionProperties) = preSolution
		HideSolutionNode = FALSE
	EndGlobalSection
	GlobalSection(NestedProjects) = preSolution
		{D3E173EB-0508-4FBE-9905-D09642BCEDD3} = {19239A0C-0A1C-462B-A17D-30A48DF9CE20}
		{2C8DFF7B-D141-4B32-95C3-ADB7366A4AF2} = {19239A0C-0A1C-462B-A17D-30A48DF9CE20}
		{D9E6ECA9-04BE-4769-9385-6AB0BB3DE455} = {19239A0C-0A1C-462B-A17D-30A48DF9CE20}
	EndGlobalSection
EndGlobal
